
Microsoft Visual Studio Solution File, Format Version 12.00
# Visual Studio Version 17
VisualStudioVersion = 17.3.32929.385
MinimumVisualStudioVersion = 10.0.40219.1
Project("{FAE04EC0-301F-11D3-BF4B-00C04F79EFBC}") = "BSRMDataManager", "BSRMDataManager\BSRMDataManager.csproj", "{41A0FEA1-45B6-4729-B754-4DABA32102F6}"
EndProject
Project("{00D1A9C2-B5F0-4AF3-8072-F6C62B433612}") = "BSRMData", "BSRMData\BSRMData.sqlproj", "{107E8C06-D03B-4392-91FF-0C494DE31507}"
EndProject
Project("{FAE04EC0-301F-11D3-BF4B-00C04F79EFBC}") = "BSRMWPFUserInterface", "BSRMWPFUserInterface\BSRMWPFUserInterface.csproj", "{94C01550-B88A-4E80-AA81-C8FBD4F77213}"
EndProject
Project("{9A19103F-16F7-4668-BE54-9A1E7A4F7556}") = "BSRMDataManager.Library", "BSRMDataManager.Library\BSRMDataManager.Library.csproj", "{A9E1AA55-C5AD-4C7E-81FF-0971283428B1}"
EndProject
Project("{9A19103F-16F7-4668-BE54-9A1E7A4F7556}") = "BSRMWPFUserInterface.Library", "BSRMWPFUserInterface.Library\BSRMWPFUserInterface.Library.csproj", "{B5F4B61B-108A-4864-A2FA-83AD9A2C01B4}"
EndProject
Project("{00D1A9C2-B5F0-4AF3-8072-F6C62B433612}") = "GravityBooksData", "GravityBooksData\GravityBooksData.sqlproj", "{78CFEFBB-4955-403E-B179-A7799A42A69E}"
EndProject
Project("{2150E333-8FDC-42A3-9474-1A3956D46DE8}") = "Database", "Database", "{61F9706A-724E-48D3-B268-E46678F3D834}"
EndProject
Project("{2150E333-8FDC-42A3-9474-1A3956D46DE8}") = "API", "API", "{87AE459D-E2B8-4D24-81E5-419932C72482}"
EndProject
Project("{2150E333-8FDC-42A3-9474-1A3956D46DE8}") = "WPF", "WPF", "{D5B79ABE-4360-4EA8-BC0C-9FECE0F24E8A}"
EndProject
Project("{FAE04EC0-301F-11D3-BF4B-00C04F79EFBC}") = "BSRMApi", "BSRMApi\BSRMApi.csproj", "{7E09081B-4C15-468E-86B1-A24E836777DF}"
EndProject
Global
	GlobalSection(SolutionConfigurationPlatforms) = preSolution
		Debug|Any CPU = Debug|Any CPU
		Release|Any CPU = Release|Any CPU
	EndGlobalSection
	GlobalSection(ProjectConfigurationPlatforms) = postSolution
		{41A0FEA1-45B6-4729-B754-4DABA32102F6}.Debug|Any CPU.ActiveCfg = Debug|Any CPU
		{41A0FEA1-45B6-4729-B754-4DABA32102F6}.Debug|Any CPU.Build.0 = Debug|Any CPU
		{41A0FEA1-45B6-4729-B754-4DABA32102F6}.Release|Any CPU.ActiveCfg = Release|Any CPU
		{41A0FEA1-45B6-4729-B754-4DABA32102F6}.Release|Any CPU.Build.0 = Release|Any CPU
		{107E8C06-D03B-4392-91FF-0C494DE31507}.Debug|Any CPU.ActiveCfg = Debug|Any CPU
		{107E8C06-D03B-4392-91FF-0C494DE31507}.Debug|Any CPU.Build.0 = Debug|Any CPU
		{107E8C06-D03B-4392-91FF-0C494DE31507}.Debug|Any CPU.Deploy.0 = Debug|Any CPU
		{107E8C06-D03B-4392-91FF-0C494DE31507}.Release|Any CPU.ActiveCfg = Release|Any CPU
		{107E8C06-D03B-4392-91FF-0C494DE31507}.Release|Any CPU.Build.0 = Release|Any CPU
		{107E8C06-D03B-4392-91FF-0C494DE31507}.Release|Any CPU.Deploy.0 = Release|Any CPU
		{94C01550-B88A-4E80-AA81-C8FBD4F77213}.Debug|Any CPU.ActiveCfg = Debug|Any CPU
		{94C01550-B88A-4E80-AA81-C8FBD4F77213}.Debug|Any CPU.Build.0 = Debug|Any CPU
		{94C01550-B88A-4E80-AA81-C8FBD4F77213}.Release|Any CPU.ActiveCfg = Release|Any CPU
		{94C01550-B88A-4E80-AA81-C8FBD4F77213}.Release|Any CPU.Build.0 = Release|Any CPU
		{A9E1AA55-C5AD-4C7E-81FF-0971283428B1}.Debug|Any CPU.ActiveCfg = Debug|Any CPU
		{A9E1AA55-C5AD-4C7E-81FF-0971283428B1}.Debug|Any CPU.Build.0 = Debug|Any CPU
		{A9E1AA55-C5AD-4C7E-81FF-0971283428B1}.Release|Any CPU.ActiveCfg = Release|Any CPU
		{A9E1AA55-C5AD-4C7E-81FF-0971283428B1}.Release|Any CPU.Build.0 = Release|Any CPU
		{B5F4B61B-108A-4864-A2FA-83AD9A2C01B4}.Debug|Any CPU.ActiveCfg = Debug|Any CPU
		{B5F4B61B-108A-4864-A2FA-83AD9A2C01B4}.Debug|Any CPU.Build.0 = Debug|Any CPU
		{B5F4B61B-108A-4864-A2FA-83AD9A2C01B4}.Release|Any CPU.ActiveCfg = Release|Any CPU
		{B5F4B61B-108A-4864-A2FA-83AD9A2C01B4}.Release|Any CPU.Build.0 = Release|Any CPU
		{78CFEFBB-4955-403E-B179-A7799A42A69E}.Debug|Any CPU.ActiveCfg = Debug|Any CPU
		{78CFEFBB-4955-403E-B179-A7799A42A69E}.Debug|Any CPU.Build.0 = Debug|Any CPU
		{78CFEFBB-4955-403E-B179-A7799A42A69E}.Debug|Any CPU.Deploy.0 = Debug|Any CPU
		{78CFEFBB-4955-403E-B179-A7799A42A69E}.Release|Any CPU.ActiveCfg = Release|Any CPU
		{78CFEFBB-4955-403E-B179-A7799A42A69E}.Release|Any CPU.Build.0 = Release|Any CPU
		{78CFEFBB-4955-403E-B179-A7799A42A69E}.Release|Any CPU.Deploy.0 = Release|Any CPU
		{7E09081B-4C15-468E-86B1-A24E836777DF}.Debug|Any CPU.ActiveCfg = Debug|Any CPU
		{7E09081B-4C15-468E-86B1-A24E836777DF}.Debug|Any CPU.Build.0 = Debug|Any CPU
		{7E09081B-4C15-468E-86B1-A24E836777DF}.Release|Any CPU.ActiveCfg = Release|Any CPU
		{7E09081B-4C15-468E-86B1-A24E836777DF}.Release|Any CPU.Build.0 = Release|Any CPU
	EndGlobalSection
	GlobalSection(SolutionProperties) = preSolution
		HideSolutionNode = FALSE
	EndGlobalSection
	GlobalSection(NestedProjects) = preSolution
		{41A0FEA1-45B6-4729-B754-4DABA32102F6} = {87AE459D-E2B8-4D24-81E5-419932C72482}
		{107E8C06-D03B-4392-91FF-0C494DE31507} = {61F9706A-724E-48D3-B268-E46678F3D834}
		{94C01550-B88A-4E80-AA81-C8FBD4F77213} = {D5B79ABE-4360-4EA8-BC0C-9FECE0F24E8A}
		{A9E1AA55-C5AD-4C7E-81FF-0971283428B1} = {87AE459D-E2B8-4D24-81E5-419932C72482}
		{B5F4B61B-108A-4864-A2FA-83AD9A2C01B4} = {D5B79ABE-4360-4EA8-BC0C-9FECE0F24E8A}
		{78CFEFBB-4955-403E-B179-A7799A42A69E} = {61F9706A-724E-48D3-B268-E46678F3D834}
		{7E09081B-4C15-468E-86B1-A24E836777DF} = {87AE459D-E2B8-4D24-81E5-419932C72482}
	EndGlobalSection
	GlobalSection(ExtensibilityGlobals) = postSolution
		SolutionGuid = {E3D11061-1879-449D-98C7-EDC0B023E2DC}
	EndGlobalSection
EndGlobal
