
Microsoft Visual Studio Solution File, Format Version 12.00
# Visual Studio Version 17
VisualStudioVersion = 17.3.32929.385
MinimumVisualStudioVersion = 10.0.40219.1
Project("{FAE04EC0-301F-11D3-BF4B-00C04F79EFBC}") = "BSRMDataManager", "BSRMDataManager\BSRMDataManager.csproj", "{41A0FEA1-45B6-4729-B754-4DABA32102F6}"
EndProject
Project("{00D1A9C2-B5F0-4AF3-8072-F6C62B433612}") = "BSRMData", "BSRMData\BSRMData.sqlproj", "{107E8C06-D03B-4392-91FF-0C494DE31507}"
EndProject
Project("{FAE04EC0-301F-11D3-BF4B-00C04F79EFBC}") = "BSRMWPFUserInterface", "BSRMWPFUserInterface\BSRMWPFUserInterface.csproj", "{94C01550-B88A-4E80-AA81-C8FBD4F77213}"
EndProject
Global
	GlobalSection(SolutionConfigurationPlatforms) = preSolution
		Debug|Any CPU = Debug|Any CPU
		Release|Any CPU = Release|Any CPU
	EndGlobalSection
	GlobalSection(ProjectConfigurationPlatforms) = postSolution
		{41A0FEA1-45B6-4729-B754-4DABA32102F6}.Debug|Any CPU.ActiveCfg = Debug|Any CPU
		{41A0FEA1-45B6-4729-B754-4DABA32102F6}.Debug|Any CPU.Build.0 = Debug|Any CPU
		{41A0FEA1-45B6-4729-B754-4DABA32102F6}.Release|Any CPU.ActiveCfg = Release|Any CPU
		{41A0FEA1-45B6-4729-B754-4DABA32102F6}.Release|Any CPU.Build.0 = Release|Any CPU
		{107E8C06-D03B-4392-91FF-0C494DE31507}.Debug|Any CPU.ActiveCfg = Debug|Any CPU
		{107E8C06-D03B-4392-91FF-0C494DE31507}.Debug|Any CPU.Build.0 = Debug|Any CPU
		{107E8C06-D03B-4392-91FF-0C494DE31507}.Debug|Any CPU.Deploy.0 = Debug|Any CPU
		{107E8C06-D03B-4392-91FF-0C494DE31507}.Release|Any CPU.ActiveCfg = Release|Any CPU
		{107E8C06-D03B-4392-91FF-0C494DE31507}.Release|Any CPU.Build.0 = Release|Any CPU
		{107E8C06-D03B-4392-91FF-0C494DE31507}.Release|Any CPU.Deploy.0 = Release|Any CPU
		{94C01550-B88A-4E80-AA81-C8FBD4F77213}.Debug|Any CPU.ActiveCfg = Debug|Any CPU
		{94C01550-B88A-4E80-AA81-C8FBD4F77213}.Debug|Any CPU.Build.0 = Debug|Any CPU
		{94C01550-B88A-4E80-AA81-C8FBD4F77213}.Release|Any CPU.ActiveCfg = Release|Any CPU
		{94C01550-B88A-4E80-AA81-C8FBD4F77213}.Release|Any CPU.Build.0 = Release|Any CPU
	EndGlobalSection
	GlobalSection(SolutionProperties) = preSolution
		HideSolutionNode = FALSE
	EndGlobalSection
	GlobalSection(ExtensibilityGlobals) = postSolution
		SolutionGuid = {E3D11061-1879-449D-98C7-EDC0B023E2DC}
	EndGlobalSection
EndGlobal
